
Microsoft Visual Studio Solution File, Format Version 12.00
# Visual Studio Version 17
VisualStudioVersion = 17.13.35913.81
MinimumVisualStudioVersion = 10.0.40219.1
Project("{8BC9CEB8-8B4A-11D0-8D11-00A0C91BC942}") = "Sandbox", "Sandbox\Sandbox.vcxproj", "{8AF43EC0-1594-4432-B6E2-B00BC60B5872}"
EndProject
Project("{8BC9CEB8-8B4A-11D0-8D11-00A0C91BC942}") = "Hazel", "Hazel\Hazel.vcxproj", "{BD68844C-A756-4C83-978F-58896FD4D83F}"
EndProject
Global
	GlobalSection(SolutionConfigurationPlatforms) = preSolution
		Debug|x64 = Debug|x64
		Release|x64 = Release|x64
	EndGlobalSection
	GlobalSection(ProjectConfigurationPlatforms) = postSolution
		{BD68844C-A756-4C83-978F-58896FD4D83F}.Debug|x64.ActiveCfg = Debug|x64
		{BD68844C-A756-4C83-978F-58896FD4D83F}.Debug|x64.Build.0 = Debug|x64
		{BD68844C-A756-4C83-978F-58896FD4D83F}.Release|x64.ActiveCfg = Release|x64
		{BD68844C-A756-4C83-978F-58896FD4D83F}.Release|x64.Build.0 = Release|x64
		{8AF43EC0-1594-4432-B6E2-B00BC60B5872}.Debug|x64.ActiveCfg = Debug|x64
		{8AF43EC0-1594-4432-B6E2-B00BC60B5872}.Debug|x64.Build.0 = Debug|x64
		{8AF43EC0-1594-4432-B6E2-B00BC60B5872}.Release|x64.ActiveCfg = Release|x64
		{8AF43EC0-1594-4432-B6E2-B00BC60B5872}.Release|x64.Build.0 = Release|x64
	EndGlobalSection
	GlobalSection(SolutionProperties) = preSolution
		HideSolutionNode = FALSE
	EndGlobalSection
	GlobalSection(ExtensibilityGlobals) = postSolution
		SolutionGuid = {0C71A5DC-A647-4A0F-9098-6C58833887BD}
	EndGlobalSection
EndGlobal
